
Microsoft Visual Studio Solution File, Format Version 12.00
# Visual Studio Version 16
VisualStudioVersion = 16.0.29911.84
MinimumVisualStudioVersion = 10.0.40219.1
Project("{FAE04EC0-301F-11D3-BF4B-00C04F79EFBC}") = "TVprogramLibrary", "ClassLibrary1\TVprogramLibrary.csproj", "{817FE8CF-813C-4EA1-A4ED-69F1DFF1716F}"
EndProject
Project("{FAE04EC0-301F-11D3-BF4B-00C04F79EFBC}") = "MainAdminApp", "MainAdminApp\MainAdminApp.csproj", "{D818B3A4-E08C-4D67-841A-82006336D63D}"
EndProject
Project("{FAE04EC0-301F-11D3-BF4B-00C04F79EFBC}") = "ViewerApp", "ViewerApp\ViewerApp.csproj", "{2BA4B0E9-68EC-4FB6-9386-82163876A465}"
EndProject
Global
	GlobalSection(SolutionConfigurationPlatforms) = preSolution
		Debug|Any CPU = Debug|Any CPU
		Release|Any CPU = Release|Any CPU
	EndGlobalSection
	GlobalSection(ProjectConfigurationPlatforms) = postSolution
		{817FE8CF-813C-4EA1-A4ED-69F1DFF1716F}.Debug|Any CPU.ActiveCfg = Debug|Any CPU
		{817FE8CF-813C-4EA1-A4ED-69F1DFF1716F}.Debug|Any CPU.Build.0 = Debug|Any CPU
		{817FE8CF-813C-4EA1-A4ED-69F1DFF1716F}.Release|Any CPU.ActiveCfg = Release|Any CPU
		{817FE8CF-813C-4EA1-A4ED-69F1DFF1716F}.Release|Any CPU.Build.0 = Release|Any CPU
		{D818B3A4-E08C-4D67-841A-82006336D63D}.Debug|Any CPU.ActiveCfg = Debug|Any CPU
		{D818B3A4-E08C-4D67-841A-82006336D63D}.Debug|Any CPU.Build.0 = Debug|Any CPU
		{D818B3A4-E08C-4D67-841A-82006336D63D}.Release|Any CPU.ActiveCfg = Release|Any CPU
		{D818B3A4-E08C-4D67-841A-82006336D63D}.Release|Any CPU.Build.0 = Release|Any CPU
		{2BA4B0E9-68EC-4FB6-9386-82163876A465}.Debug|Any CPU.ActiveCfg = Debug|Any CPU
		{2BA4B0E9-68EC-4FB6-9386-82163876A465}.Debug|Any CPU.Build.0 = Debug|Any CPU
		{2BA4B0E9-68EC-4FB6-9386-82163876A465}.Release|Any CPU.ActiveCfg = Release|Any CPU
		{2BA4B0E9-68EC-4FB6-9386-82163876A465}.Release|Any CPU.Build.0 = Release|Any CPU
	EndGlobalSection
	GlobalSection(SolutionProperties) = preSolution
		HideSolutionNode = FALSE
	EndGlobalSection
	GlobalSection(ExtensibilityGlobals) = postSolution
		SolutionGuid = {32FF38D4-F4BF-4A3C-BA88-7799F96A8564}
	EndGlobalSection
EndGlobal
